
Microsoft Visual Studio Solution File, Format Version 12.00
# Visual Studio 2012
Project("{FAE04EC0-301F-11D3-BF4B-00C04F79EFBC}") = "GraphalyzerPro", "GraphalyzerPro\GraphalyzerPro.csproj", "{47747E54-94F1-46D4-BFC6-23997FADDF83}"
EndProject
Project("{FAE04EC0-301F-11D3-BF4B-00C04F79EFBC}") = "GraphalyzerPro.Tests", "GraphalyzerPro.Tests\GraphalyzerPro.Tests.csproj", "{D7F17E07-133F-48A7-A15A-19D032CD5E62}"
EndProject
Project("{2150E333-8FDC-42A3-9474-1A3956D46DE8}") = ".nuget", ".nuget", "{D43CCC74-E32D-4143-A5AE-1290B9BF9D45}"
	ProjectSection(SolutionItems) = preProject
		.nuget\NuGet.Config = .nuget\NuGet.Config
		.nuget\NuGet.exe = .nuget\NuGet.exe
		.nuget\NuGet.targets = .nuget\NuGet.targets
		.nuget\packages.config = .nuget\packages.config
	EndProjectSection
EndProject
Project("{FAE04EC0-301F-11D3-BF4B-00C04F79EFBC}") = "GraphalyzerPro.Common", "GraphalyzerPro.Common\GraphalyzerPro.Common.csproj", "{799A3384-B77E-4A62-ABA0-D938EEAE60DD}"
EndProject
Project("{FAE04EC0-301F-11D3-BF4B-00C04F79EFBC}") = "GraphalyzerPro.CsvReceiver", "GraphalyzerPro.CSVReceiver\GraphalyzerPro.CsvReceiver.csproj", "{25F93852-2250-444B-B0B3-C72E03901E0F}"
EndProject
Project("{FAE04EC0-301F-11D3-BF4B-00C04F79EFBC}") = "GraphalyzerPro.CsvReceiver.Tests", "GraphalyzerPro.CSVReceiver.Tests\GraphalyzerPro.CsvReceiver.Tests.csproj", "{6B90874D-86CD-4687-A301-045639D6BF20}"
EndProject
Global
	GlobalSection(SolutionConfigurationPlatforms) = preSolution
		Debug|Any CPU = Debug|Any CPU
		Release|Any CPU = Release|Any CPU
	EndGlobalSection
	GlobalSection(ProjectConfigurationPlatforms) = postSolution
		{47747E54-94F1-46D4-BFC6-23997FADDF83}.Debug|Any CPU.ActiveCfg = Debug|Any CPU
		{47747E54-94F1-46D4-BFC6-23997FADDF83}.Debug|Any CPU.Build.0 = Debug|Any CPU
		{47747E54-94F1-46D4-BFC6-23997FADDF83}.Release|Any CPU.ActiveCfg = Release|Any CPU
		{47747E54-94F1-46D4-BFC6-23997FADDF83}.Release|Any CPU.Build.0 = Release|Any CPU
		{D7F17E07-133F-48A7-A15A-19D032CD5E62}.Debug|Any CPU.ActiveCfg = Debug|Any CPU
		{D7F17E07-133F-48A7-A15A-19D032CD5E62}.Debug|Any CPU.Build.0 = Debug|Any CPU
		{D7F17E07-133F-48A7-A15A-19D032CD5E62}.Release|Any CPU.ActiveCfg = Release|Any CPU
		{D7F17E07-133F-48A7-A15A-19D032CD5E62}.Release|Any CPU.Build.0 = Release|Any CPU
		{799A3384-B77E-4A62-ABA0-D938EEAE60DD}.Debug|Any CPU.ActiveCfg = Debug|Any CPU
		{799A3384-B77E-4A62-ABA0-D938EEAE60DD}.Debug|Any CPU.Build.0 = Debug|Any CPU
		{25F93852-2250-444B-B0B3-C72E03901E0F}.Debug|Any CPU.ActiveCfg = Debug|Any CPU
		{25F93852-2250-444B-B0B3-C72E03901E0F}.Debug|Any CPU.Build.0 = Debug|Any CPU
		{6B90874D-86CD-4687-A301-045639D6BF20}.Debug|Any CPU.ActiveCfg = Debug|Any CPU
		{6B90874D-86CD-4687-A301-045639D6BF20}.Debug|Any CPU.Build.0 = Debug|Any CPU
	EndGlobalSection
	GlobalSection(SolutionProperties) = preSolution
		HideSolutionNode = FALSE
	EndGlobalSection
	GlobalSection(ExtensibilityGlobals) = postSolution
		EnterpriseLibraryConfigurationToolBinariesPath = packages\Unity.2.1.505.2\lib\NET35
	EndGlobalSection
EndGlobal
